
Microsoft Visual Studio Solution File, Format Version 12.00
# Visual Studio Version 17
VisualStudioVersion = 17.4.33213.308
MinimumVisualStudioVersion = 10.0.40219.1
Project("{9A19103F-16F7-4668-BE54-9A1E7A4F7556}") = "00. Algorithm", "00. Algorithm\00. Algorithm.csproj", "{C4DCAE62-6DB5-4D83-9AD0-D8B29B18CB01}"
EndProject
Project("{9A19103F-16F7-4668-BE54-9A1E7A4F7556}") = "01. List", "01. List\01. List.csproj", "{0FB4BC6D-7954-4B1F-8DBA-9D86DC08535E}"
EndProject
Project("{9A19103F-16F7-4668-BE54-9A1E7A4F7556}") = "02. LinkedList", "02. LinkedList\02. LinkedList.csproj", "{9462A85C-632F-4F8A-8E5A-EB856FC8FFCC}"
EndProject
Project("{9A19103F-16F7-4668-BE54-9A1E7A4F7556}") = "03. Iterator", "03. Iterator\03. Iterator.csproj", "{900CBF3B-68C2-4B72-B1AB-78D2C045EC65}"
EndProject
Project("{9A19103F-16F7-4668-BE54-9A1E7A4F7556}") = "04. Stack", "04. Stack\04. Stack.csproj", "{06B6E108-75F5-4C1A-8B18-9308C6720D40}"
EndProject
Project("{9A19103F-16F7-4668-BE54-9A1E7A4F7556}") = "05. Queue", "05. Queue\05. Queue.csproj", "{4B94E45B-DE31-433E-A27B-9A44884BC859}"
EndProject
Project("{9A19103F-16F7-4668-BE54-9A1E7A4F7556}") = "06. Heap", "06. Heap\06. Heap.csproj", "{05A76E4F-4CFF-414D-91B6-8FAF333BF747}"
EndProject
Project("{9A19103F-16F7-4668-BE54-9A1E7A4F7556}") = "07. BinarySearchTree", "07. BinarySearchTree\07. BinarySearchTree.csproj", "{FA033AE4-A995-48BD-BCCD-6376319D493E}"
EndProject
Project("{9A19103F-16F7-4668-BE54-9A1E7A4F7556}") = "08. HashTable", "08. HashTable\08. HashTable.csproj", "{528ABBCC-4C92-4FDA-9D52-E52C70DEBD2B}"
EndProject
Project("{9A19103F-16F7-4668-BE54-9A1E7A4F7556}") = "09. DesignTechnique", "09. DesignTechnique\09. DesignTechnique.csproj", "{9D20614D-AA5E-41AB-A8F9-AA379C36F58F}"
EndProject
Project("{9A19103F-16F7-4668-BE54-9A1E7A4F7556}") = "10. Sorting", "10. Sorting\10. Sorting.csproj", "{1B508834-8E55-4ACC-84EF-335DFA1697B3}"
EndProject
Project("{FAE04EC0-301F-11D3-BF4B-00C04F79EFBC}") = "11. Searching", "11. Searching\11. Searching.csproj", "{CFFCAAD3-CAB3-478D-BD4E-5AB5CC8AB00B}"
EndProject
Global
	GlobalSection(SolutionConfigurationPlatforms) = preSolution
		Debug|Any CPU = Debug|Any CPU
		Release|Any CPU = Release|Any CPU
	EndGlobalSection
	GlobalSection(ProjectConfigurationPlatforms) = postSolution
		{C4DCAE62-6DB5-4D83-9AD0-D8B29B18CB01}.Debug|Any CPU.ActiveCfg = Debug|Any CPU
		{C4DCAE62-6DB5-4D83-9AD0-D8B29B18CB01}.Debug|Any CPU.Build.0 = Debug|Any CPU
		{C4DCAE62-6DB5-4D83-9AD0-D8B29B18CB01}.Release|Any CPU.ActiveCfg = Release|Any CPU
		{C4DCAE62-6DB5-4D83-9AD0-D8B29B18CB01}.Release|Any CPU.Build.0 = Release|Any CPU
		{0FB4BC6D-7954-4B1F-8DBA-9D86DC08535E}.Debug|Any CPU.ActiveCfg = Debug|Any CPU
		{0FB4BC6D-7954-4B1F-8DBA-9D86DC08535E}.Debug|Any CPU.Build.0 = Debug|Any CPU
		{0FB4BC6D-7954-4B1F-8DBA-9D86DC08535E}.Release|Any CPU.ActiveCfg = Release|Any CPU
		{0FB4BC6D-7954-4B1F-8DBA-9D86DC08535E}.Release|Any CPU.Build.0 = Release|Any CPU
		{9462A85C-632F-4F8A-8E5A-EB856FC8FFCC}.Debug|Any CPU.ActiveCfg = Debug|Any CPU
		{9462A85C-632F-4F8A-8E5A-EB856FC8FFCC}.Debug|Any CPU.Build.0 = Debug|Any CPU
		{9462A85C-632F-4F8A-8E5A-EB856FC8FFCC}.Release|Any CPU.ActiveCfg = Release|Any CPU
		{9462A85C-632F-4F8A-8E5A-EB856FC8FFCC}.Release|Any CPU.Build.0 = Release|Any CPU
		{900CBF3B-68C2-4B72-B1AB-78D2C045EC65}.Debug|Any CPU.ActiveCfg = Debug|Any CPU
		{900CBF3B-68C2-4B72-B1AB-78D2C045EC65}.Debug|Any CPU.Build.0 = Debug|Any CPU
		{900CBF3B-68C2-4B72-B1AB-78D2C045EC65}.Release|Any CPU.ActiveCfg = Release|Any CPU
		{900CBF3B-68C2-4B72-B1AB-78D2C045EC65}.Release|Any CPU.Build.0 = Release|Any CPU
		{06B6E108-75F5-4C1A-8B18-9308C6720D40}.Debug|Any CPU.ActiveCfg = Debug|Any CPU
		{06B6E108-75F5-4C1A-8B18-9308C6720D40}.Debug|Any CPU.Build.0 = Debug|Any CPU
		{06B6E108-75F5-4C1A-8B18-9308C6720D40}.Release|Any CPU.ActiveCfg = Release|Any CPU
		{06B6E108-75F5-4C1A-8B18-9308C6720D40}.Release|Any CPU.Build.0 = Release|Any CPU
		{4B94E45B-DE31-433E-A27B-9A44884BC859}.Debug|Any CPU.ActiveCfg = Debug|Any CPU
		{4B94E45B-DE31-433E-A27B-9A44884BC859}.Debug|Any CPU.Build.0 = Debug|Any CPU
		{4B94E45B-DE31-433E-A27B-9A44884BC859}.Release|Any CPU.ActiveCfg = Release|Any CPU
		{4B94E45B-DE31-433E-A27B-9A44884BC859}.Release|Any CPU.Build.0 = Release|Any CPU
		{05A76E4F-4CFF-414D-91B6-8FAF333BF747}.Debug|Any CPU.ActiveCfg = Debug|Any CPU
		{05A76E4F-4CFF-414D-91B6-8FAF333BF747}.Debug|Any CPU.Build.0 = Debug|Any CPU
		{05A76E4F-4CFF-414D-91B6-8FAF333BF747}.Release|Any CPU.ActiveCfg = Release|Any CPU
		{05A76E4F-4CFF-414D-91B6-8FAF333BF747}.Release|Any CPU.Build.0 = Release|Any CPU
		{FA033AE4-A995-48BD-BCCD-6376319D493E}.Debug|Any CPU.ActiveCfg = Debug|Any CPU
		{FA033AE4-A995-48BD-BCCD-6376319D493E}.Debug|Any CPU.Build.0 = Debug|Any CPU
		{FA033AE4-A995-48BD-BCCD-6376319D493E}.Release|Any CPU.ActiveCfg = Release|Any CPU
		{FA033AE4-A995-48BD-BCCD-6376319D493E}.Release|Any CPU.Build.0 = Release|Any CPU
		{528ABBCC-4C92-4FDA-9D52-E52C70DEBD2B}.Debug|Any CPU.ActiveCfg = Debug|Any CPU
		{528ABBCC-4C92-4FDA-9D52-E52C70DEBD2B}.Debug|Any CPU.Build.0 = Debug|Any CPU
		{528ABBCC-4C92-4FDA-9D52-E52C70DEBD2B}.Release|Any CPU.ActiveCfg = Release|Any CPU
		{528ABBCC-4C92-4FDA-9D52-E52C70DEBD2B}.Release|Any CPU.Build.0 = Release|Any CPU
		{9D20614D-AA5E-41AB-A8F9-AA379C36F58F}.Debug|Any CPU.ActiveCfg = Debug|Any CPU
		{9D20614D-AA5E-41AB-A8F9-AA379C36F58F}.Debug|Any CPU.Build.0 = Debug|Any CPU
		{9D20614D-AA5E-41AB-A8F9-AA379C36F58F}.Release|Any CPU.ActiveCfg = Release|Any CPU
		{9D20614D-AA5E-41AB-A8F9-AA379C36F58F}.Release|Any CPU.Build.0 = Release|Any CPU
		{1B508834-8E55-4ACC-84EF-335DFA1697B3}.Debug|Any CPU.ActiveCfg = Debug|Any CPU
		{1B508834-8E55-4ACC-84EF-335DFA1697B3}.Debug|Any CPU.Build.0 = Debug|Any CPU
		{1B508834-8E55-4ACC-84EF-335DFA1697B3}.Release|Any CPU.ActiveCfg = Release|Any CPU
		{1B508834-8E55-4ACC-84EF-335DFA1697B3}.Release|Any CPU.Build.0 = Release|Any CPU
		{CFFCAAD3-CAB3-478D-BD4E-5AB5CC8AB00B}.Debug|Any CPU.ActiveCfg = Debug|Any CPU
		{CFFCAAD3-CAB3-478D-BD4E-5AB5CC8AB00B}.Debug|Any CPU.Build.0 = Debug|Any CPU
		{CFFCAAD3-CAB3-478D-BD4E-5AB5CC8AB00B}.Release|Any CPU.ActiveCfg = Release|Any CPU
		{CFFCAAD3-CAB3-478D-BD4E-5AB5CC8AB00B}.Release|Any CPU.Build.0 = Release|Any CPU
	EndGlobalSection
	GlobalSection(SolutionProperties) = preSolution
		HideSolutionNode = FALSE
	EndGlobalSection
	GlobalSection(ExtensibilityGlobals) = postSolution
		SolutionGuid = {0BF8CDF5-1949-49A1-B4F5-416FE834F30F}
	EndGlobalSection
EndGlobal
