
Microsoft Visual Studio Solution File, Format Version 12.00
# Visual Studio Version 17
VisualStudioVersion = 17.4.33213.308
MinimumVisualStudioVersion = 10.0.40219.1
Project("{9A19103F-16F7-4668-BE54-9A1E7A4F7556}") = "00. Algorithm", "00. Algorithm\00. Algorithm.csproj", "{C4DCAE62-6DB5-4D83-9AD0-D8B29B18CB01}"
EndProject
Project("{9A19103F-16F7-4668-BE54-9A1E7A4F7556}") = "01. List", "01. List\01. List.csproj", "{0FB4BC6D-7954-4B1F-8DBA-9D86DC08535E}"
EndProject
Project("{9A19103F-16F7-4668-BE54-9A1E7A4F7556}") = "02. LinkedList", "02. LinkedList\02. LinkedList.csproj", "{9462A85C-632F-4F8A-8E5A-EB856FC8FFCC}"
EndProject
Project("{FAE04EC0-301F-11D3-BF4B-00C04F79EFBC}") = "03. Stack", "03. Stack\03. Stack.csproj", "{8C752E85-55C3-4EAF-8113-E52FCEEAC7A7}"
EndProject
Project("{FAE04EC0-301F-11D3-BF4B-00C04F79EFBC}") = "04. Queue", "04. Queue\04. Queue.csproj", "{E9613CE1-6518-4C08-8AB6-028F74E219DC}"
EndProject
Global
	GlobalSection(SolutionConfigurationPlatforms) = preSolution
		Debug|Any CPU = Debug|Any CPU
		Release|Any CPU = Release|Any CPU
	EndGlobalSection
	GlobalSection(ProjectConfigurationPlatforms) = postSolution
		{C4DCAE62-6DB5-4D83-9AD0-D8B29B18CB01}.Debug|Any CPU.ActiveCfg = Debug|Any CPU
		{C4DCAE62-6DB5-4D83-9AD0-D8B29B18CB01}.Debug|Any CPU.Build.0 = Debug|Any CPU
		{C4DCAE62-6DB5-4D83-9AD0-D8B29B18CB01}.Release|Any CPU.ActiveCfg = Release|Any CPU
		{C4DCAE62-6DB5-4D83-9AD0-D8B29B18CB01}.Release|Any CPU.Build.0 = Release|Any CPU
		{0FB4BC6D-7954-4B1F-8DBA-9D86DC08535E}.Debug|Any CPU.ActiveCfg = Debug|Any CPU
		{0FB4BC6D-7954-4B1F-8DBA-9D86DC08535E}.Debug|Any CPU.Build.0 = Debug|Any CPU
		{0FB4BC6D-7954-4B1F-8DBA-9D86DC08535E}.Release|Any CPU.ActiveCfg = Release|Any CPU
		{0FB4BC6D-7954-4B1F-8DBA-9D86DC08535E}.Release|Any CPU.Build.0 = Release|Any CPU
		{9462A85C-632F-4F8A-8E5A-EB856FC8FFCC}.Debug|Any CPU.ActiveCfg = Debug|Any CPU
		{9462A85C-632F-4F8A-8E5A-EB856FC8FFCC}.Debug|Any CPU.Build.0 = Debug|Any CPU
		{9462A85C-632F-4F8A-8E5A-EB856FC8FFCC}.Release|Any CPU.ActiveCfg = Release|Any CPU
		{9462A85C-632F-4F8A-8E5A-EB856FC8FFCC}.Release|Any CPU.Build.0 = Release|Any CPU
		{8C752E85-55C3-4EAF-8113-E52FCEEAC7A7}.Debug|Any CPU.ActiveCfg = Debug|Any CPU
		{8C752E85-55C3-4EAF-8113-E52FCEEAC7A7}.Debug|Any CPU.Build.0 = Debug|Any CPU
		{8C752E85-55C3-4EAF-8113-E52FCEEAC7A7}.Release|Any CPU.ActiveCfg = Release|Any CPU
		{8C752E85-55C3-4EAF-8113-E52FCEEAC7A7}.Release|Any CPU.Build.0 = Release|Any CPU
		{E9613CE1-6518-4C08-8AB6-028F74E219DC}.Debug|Any CPU.ActiveCfg = Debug|Any CPU
		{E9613CE1-6518-4C08-8AB6-028F74E219DC}.Debug|Any CPU.Build.0 = Debug|Any CPU
		{E9613CE1-6518-4C08-8AB6-028F74E219DC}.Release|Any CPU.ActiveCfg = Release|Any CPU
		{E9613CE1-6518-4C08-8AB6-028F74E219DC}.Release|Any CPU.Build.0 = Release|Any CPU
	EndGlobalSection
	GlobalSection(SolutionProperties) = preSolution
		HideSolutionNode = FALSE
	EndGlobalSection
	GlobalSection(ExtensibilityGlobals) = postSolution
		SolutionGuid = {0BF8CDF5-1949-49A1-B4F5-416FE834F30F}
	EndGlobalSection
EndGlobal
